
Microsoft Visual Studio Solution File, Format Version 12.00
# Visual Studio Version 17
VisualStudioVersion = 17.13.35919.96 d17.13
MinimumVisualStudioVersion = 10.0.40219.1
Project("{C9674DCB-5085-4A16-B785-4C70DD1589BD}") = "stageProject", "stageProject\stageProject.dtproj", "{643E15A2-D844-32A5-02A6-707F1D37FF99}"
EndProject
Global
	GlobalSection(SolutionConfigurationPlatforms) = preSolution
		Development|Default = Development|Default
	EndGlobalSection
	GlobalSection(ProjectConfigurationPlatforms) = postSolution
		{643E15A2-D844-32A5-02A6-707F1D37FF99}.Development|Default.ActiveCfg = Development
		{643E15A2-D844-32A5-02A6-707F1D37FF99}.Development|Default.Build.0 = Development
	EndGlobalSection
	GlobalSection(SolutionProperties) = preSolution
		HideSolutionNode = FALSE
	EndGlobalSection
	GlobalSection(ExtensibilityGlobals) = postSolution
		SolutionGuid = {4B6BB950-5DA2-4675-A74E-D23B5F715D48}
	EndGlobalSection
EndGlobal
